
Microsoft Visual Studio Solution File, Format Version 12.00
# Visual Studio Version 17
VisualStudioVersion = 17.8.34309.116
MinimumVisualStudioVersion = 10.0.40219.1
Project("{FAE04EC0-301F-11D3-BF4B-00C04F79EFBC}") = "Taxi", "Taxi\Taxi.csproj", "{7837F91A-557D-41DE-A9BD-34601459F136}"
EndProject
Global
	GlobalSection(SolutionConfigurationPlatforms) = preSolution
		Debug|Any CPU = Debug|Any CPU
		Release|Any CPU = Release|Any CPU
	EndGlobalSection
	GlobalSection(ProjectConfigurationPlatforms) = postSolution
		{7837F91A-557D-41DE-A9BD-34601459F136}.Debug|Any CPU.ActiveCfg = Debug|Any CPU
		{7837F91A-557D-41DE-A9BD-34601459F136}.Debug|Any CPU.Build.0 = Debug|Any CPU
		{7837F91A-557D-41DE-A9BD-34601459F136}.Release|Any CPU.ActiveCfg = Release|Any CPU
		{7837F91A-557D-41DE-A9BD-34601459F136}.Release|Any CPU.Build.0 = Release|Any CPU
	EndGlobalSection
	GlobalSection(SolutionProperties) = preSolution
		HideSolutionNode = FALSE
	EndGlobalSection
	GlobalSection(ExtensibilityGlobals) = postSolution
		SolutionGuid = {DFDC2C76-E17A-411F-B1AC-4AF1D2E35697}
	EndGlobalSection
EndGlobal
